
Microsoft Visual Studio Solution File, Format Version 12.00
# Visual Studio Version 16
VisualStudioVersion = 16.0.31410.357
MinimumVisualStudioVersion = 10.0.40219.1
Project("{FAE04EC0-301F-11D3-BF4B-00C04F79EFBC}") = "Vidly", "Vidly\Vidly.csproj", "{AD56115B-EFDF-429D-9BC4-E1B195258BD9}"
EndProject
Global
	GlobalSection(SolutionConfigurationPlatforms) = preSolution
		Debug|Any CPU = Debug|Any CPU
		Release|Any CPU = Release|Any CPU
	EndGlobalSection
	GlobalSection(ProjectConfigurationPlatforms) = postSolution
		{AD56115B-EFDF-429D-9BC4-E1B195258BD9}.Debug|Any CPU.ActiveCfg = Debug|Any CPU
		{AD56115B-EFDF-429D-9BC4-E1B195258BD9}.Debug|Any CPU.Build.0 = Debug|Any CPU
		{AD56115B-EFDF-429D-9BC4-E1B195258BD9}.Release|Any CPU.ActiveCfg = Release|Any CPU
		{AD56115B-EFDF-429D-9BC4-E1B195258BD9}.Release|Any CPU.Build.0 = Release|Any CPU
	EndGlobalSection
	GlobalSection(SolutionProperties) = preSolution
		HideSolutionNode = FALSE
	EndGlobalSection
	GlobalSection(ExtensibilityGlobals) = postSolution
		SolutionGuid = {0C8441D1-5C72-41C9-923A-DB0B07DBE1F2}
	EndGlobalSection
EndGlobal
